{
  "name": "roshambo",
  "version": "1.0.0",
  "lockfileVersion": 1,
  "requires": true,
  "dependencies": {
    "console-stream": {
      "version": "0.1.1",
      "resolved": "https://registry.npmjs.org/console-stream/-/console-stream-0.1.1.tgz",
      "integrity": "sha1-oJX+B7IEZZVfL6/Si11yvM2UnUQ="
    }
  }
}
